
Microsoft Visual Studio Solution File, Format Version 12.00
# Visual Studio Version 17
VisualStudioVersion = 17.10.35013.160
MinimumVisualStudioVersion = 10.0.40219.1
Project("{FAE04EC0-301F-11D3-BF4B-00C04F79EFBC}") = "TraderWebApp", "TraderWebApp\TraderWebApp.csproj", "{298C89B8-DE92-457F-8B3E-490382DB52EC}"
EndProject
Global
	GlobalSection(SolutionConfigurationPlatforms) = preSolution
		Debug|Any CPU = Debug|Any CPU
		Release|Any CPU = Release|Any CPU
	EndGlobalSection
	GlobalSection(ProjectConfigurationPlatforms) = postSolution
		{298C89B8-DE92-457F-8B3E-490382DB52EC}.Debug|Any CPU.ActiveCfg = Debug|Any CPU
		{298C89B8-DE92-457F-8B3E-490382DB52EC}.Debug|Any CPU.Build.0 = Debug|Any CPU
		{298C89B8-DE92-457F-8B3E-490382DB52EC}.Release|Any CPU.ActiveCfg = Release|Any CPU
		{298C89B8-DE92-457F-8B3E-490382DB52EC}.Release|Any CPU.Build.0 = Release|Any CPU
	EndGlobalSection
	GlobalSection(SolutionProperties) = preSolution
		HideSolutionNode = FALSE
	EndGlobalSection
	GlobalSection(ExtensibilityGlobals) = postSolution
		SolutionGuid = {BE114BD2-6165-4DCB-9ED6-0781EB2217CE}
	EndGlobalSection
EndGlobal
